// !$*UTF8*$!
{
	archiveVersion = 1;
	classes = {
	};
	objectVersion = 55;
	objects = {

/* Begin PBXBuildFile section */
		B5E438072B9F11A0005798C0 /* TableViewController.swift in Sources */ = {isa = PBXBuildFile; fileRef = B5E438062B9F11A0005798C0 /* TableViewController.swift */; };
		B5F3D6CB2B888CFE003739AA /* AppDelegate.swift in Sources */ = {isa = PBXBuildFile; fileRef = B5F3D6CA2B888CFE003739AA /* AppDelegate.swift */; };
		B5F3D6CD2B888CFE003739AA /* SceneDelegate.swift in Sources */ = {isa = PBXBuildFile; fileRef = B5F3D6CC2B888CFE003739AA /* SceneDelegate.swift */; };
		B5F3D6CF2B888CFE003739AA /* ViewController.swift in Sources */ = {isa = PBXBuildFile; fileRef = B5F3D6CE2B888CFE003739AA /* ViewController.swift */; };
		B5F3D6D22B888CFE003739AA /* Main.storyboard in Resources */ = {isa = PBXBuildFile; fileRef = B5F3D6D02B888CFE003739AA /* Main.storyboard */; };
		B5F3D6D42B888D00003739AA /* Assets.xcassets in Resources */ = {isa = PBXBuildFile; fileRef = B5F3D6D32B888D00003739AA /* Assets.xcassets */; };
		B5F3D6D72B888D00003739AA /* LaunchScreen.storyboard in Resources */ = {isa = PBXBuildFile; fileRef = B5F3D6D52B888D00003739AA /* LaunchScreen.storyboard */; };
		B5F3D6E52B8893B3003739AA /* UniformTypeIdentifiers.framework in Frameworks */ = {isa = PBXBuildFile; fileRef = B5F3D6E42B8893B2003739AA /* UniformTypeIdentifiers.framework */; };
		B5F3D6E82B8893B3003739AA /* Media.xcassets in Resources */ = {isa = PBXBuildFile; fileRef = B5F3D6E72B8893B3003739AA /* Media.xcassets */; };
		B5F3D6EA2B8893B3003739AA /* ActionViewController.swift in Sources */ = {isa = PBXBuildFile; fileRef = B5F3D6E92B8893B3003739AA /* ActionViewController.swift */; };
		B5F3D6ED2B8893B3003739AA /* MainInterface.storyboard in Resources */ = {isa = PBXBuildFile; fileRef = B5F3D6EB2B8893B3003739AA /* MainInterface.storyboard */; };
		B5F3D6F12B8893B3003739AA /* Extension.appex in Embed App Extensions */ = {isa = PBXBuildFile; fileRef = B5F3D6E22B8893B2003739AA /* Extension.appex */; settings = {ATTRIBUTES = (RemoveHeadersOnCopy, ); }; };
		B5F3D6F72B88BCE8003739AA /* Action.js in Resources */ = {isa = PBXBuildFile; fileRef = B5F3D6F62B88BCE8003739AA /* Action.js */; };
		B5F72B7A2B8E0A5E004EF719 /* Script.swift in Sources */ = {isa = PBXBuildFile; fileRef = B5F72B792B8E0A5D004EF719 /* Script.swift */; };
/* End PBXBuildFile section */

/* Begin PBXContainerItemProxy section */
		B5F3D6EF2B8893B3003739AA /* PBXContainerItemProxy */ = {
			isa = PBXContainerItemProxy;
			containerPortal = B5F3D6BF2B888CFE003739AA /* Project object */;
			proxyType = 1;
			remoteGlobalIDString = B5F3D6E12B8893B2003739AA;
			remoteInfo = Extension;
		};
/* End PBXContainerItemProxy section */

/* Begin PBXCopyFilesBuildPhase section */
		B5F3D6F52B8893B3003739AA /* Embed App Extensions */ = {
			isa = PBXCopyFilesBuildPhase;
			buildActionMask = 2147483647;
			dstPath = "";
			dstSubfolderSpec = 13;
			files = (
				B5F3D6F12B8893B3003739AA /* Extension.appex in Embed App Extensions */,
			);
			name = "Embed App Extensions";
			runOnlyForDeploymentPostprocessing = 0;
		};
/* End PBXCopyFilesBuildPhase section */

/* Begin PBXFileReference section */
		B5E438062B9F11A0005798C0 /* TableViewController.swift */ = {isa = PBXFileReference; lastKnownFileType = sourcecode.swift; path = TableViewController.swift; sourceTree = "<group>"; };
		B5F3D6C72B888CFE003739AA /* SafariExtension.app */ = {isa = PBXFileReference; explicitFileType = wrapper.application; includeInIndex = 0; path = SafariExtension.app; sourceTree = BUILT_PRODUCTS_DIR; };
		B5F3D6CA2B888CFE003739AA /* AppDelegate.swift */ = {isa = PBXFileReference; lastKnownFileType = sourcecode.swift; path = AppDelegate.swift; sourceTree = "<group>"; };
		B5F3D6CC2B888CFE003739AA /* SceneDelegate.swift */ = {isa = PBXFileReference; lastKnownFileType = sourcecode.swift; path = SceneDelegate.swift; sourceTree = "<group>"; };
		B5F3D6CE2B888CFE003739AA /* ViewController.swift */ = {isa = PBXFileReference; lastKnownFileType = sourcecode.swift; path = ViewController.swift; sourceTree = "<group>"; };
		B5F3D6D12B888CFE003739AA /* Base */ = {isa = PBXFileReference; lastKnownFileType = file.storyboard; name = Base; path = Base.lproj/Main.storyboard; sourceTree = "<group>"; };
		B5F3D6D32B888D00003739AA /* Assets.xcassets */ = {isa = PBXFileReference; lastKnownFileType = folder.assetcatalog; path = Assets.xcassets; sourceTree = "<group>"; };
		B5F3D6D62B888D00003739AA /* Base */ = {isa = PBXFileReference; lastKnownFileType = file.storyboard; name = Base; path = Base.lproj/LaunchScreen.storyboard; sourceTree = "<group>"; };
		B5F3D6D82B888D00003739AA /* Info.plist */ = {isa = PBXFileReference; lastKnownFileType = text.plist.xml; path = Info.plist; sourceTree = "<group>"; };
		B5F3D6E22B8893B2003739AA /* Extension.appex */ = {isa = PBXFileReference; explicitFileType = "wrapper.app-extension"; includeInIndex = 0; path = Extension.appex; sourceTree = BUILT_PRODUCTS_DIR; };
		B5F3D6E42B8893B2003739AA /* UniformTypeIdentifiers.framework */ = {isa = PBXFileReference; lastKnownFileType = wrapper.framework; name = UniformTypeIdentifiers.framework; path = System/Library/Frameworks/UniformTypeIdentifiers.framework; sourceTree = SDKROOT; };
		B5F3D6E72B8893B3003739AA /* Media.xcassets */ = {isa = PBXFileReference; lastKnownFileType = folder.assetcatalog; path = Media.xcassets; sourceTree = "<group>"; };
		B5F3D6E92B8893B3003739AA /* ActionViewController.swift */ = {isa = PBXFileReference; lastKnownFileType = sourcecode.swift; path = ActionViewController.swift; sourceTree = "<group>"; };
		B5F3D6EC2B8893B3003739AA /* Base */ = {isa = PBXFileReference; lastKnownFileType = file.storyboard; name = Base; path = Base.lproj/MainInterface.storyboard; sourceTree = "<group>"; };
		B5F3D6EE2B8893B3003739AA /* Info.plist */ = {isa = PBXFileReference; lastKnownFileType = text.plist.xml; path = Info.plist; sourceTree = "<group>"; };
		B5F3D6F62B88BCE8003739AA /* Action.js */ = {isa = PBXFileReference; lastKnownFileType = sourcecode.javascript; path = Action.js; sourceTree = "<group>"; };
		B5F72B792B8E0A5D004EF719 /* Script.swift */ = {isa = PBXFileReference; lastKnownFileType = sourcecode.swift; path = Script.swift; sourceTree = "<group>"; };
/* End PBXFileReference section */

/* Begin PBXFrameworksBuildPhase section */
		B5F3D6C42B888CFE003739AA /* Frameworks */ = {
			isa = PBXFrameworksBuildPhase;
			buildActionMask = 2147483647;
			files = (
			);
			runOnlyForDeploymentPostprocessing = 0;
		};
		B5F3D6DF2B8893B2003739AA /* Frameworks */ = {
			isa = PBXFrameworksBuildPhase;
			buildActionMask = 2147483647;
			files = (
				B5F3D6E52B8893B3003739AA /* UniformTypeIdentifiers.framework in Frameworks */,
			);
			runOnlyForDeploymentPostprocessing = 0;
		};
/* End PBXFrameworksBuildPhase section */

/* Begin PBXGroup section */
		B5F3D6BE2B888CFE003739AA = {
			isa = PBXGroup;
			children = (
				B5F3D6C92B888CFE003739AA /* SafariExtension */,
				B5F3D6E62B8893B3003739AA /* Extension */,
				B5F3D6E32B8893B2003739AA /* Frameworks */,
				B5F3D6C82B888CFE003739AA /* Products */,
			);
			sourceTree = "<group>";
		};
		B5F3D6C82B888CFE003739AA /* Products */ = {
			isa = PBXGroup;
			children = (
				B5F3D6C72B888CFE003739AA /* SafariExtension.app */,
				B5F3D6E22B8893B2003739AA /* Extension.appex */,
			);
			name = Products;
			sourceTree = "<group>";
		};
		B5F3D6C92B888CFE003739AA /* SafariExtension */ = {
			isa = PBXGroup;
			children = (
				B5F3D6CA2B888CFE003739AA /* AppDelegate.swift */,
				B5F3D6CC2B888CFE003739AA /* SceneDelegate.swift */,
				B5F3D6CE2B888CFE003739AA /* ViewController.swift */,
				B5F3D6D02B888CFE003739AA /* Main.storyboard */,
				B5F3D6D32B888D00003739AA /* Assets.xcassets */,
				B5F3D6D52B888D00003739AA /* LaunchScreen.storyboard */,
				B5F3D6D82B888D00003739AA /* Info.plist */,
			);
			path = SafariExtension;
			sourceTree = "<group>";
		};
		B5F3D6E32B8893B2003739AA /* Frameworks */ = {
			isa = PBXGroup;
			children = (
				B5F3D6E42B8893B2003739AA /* UniformTypeIdentifiers.framework */,
			);
			name = Frameworks;
			sourceTree = "<group>";
		};
		B5F3D6E62B8893B3003739AA /* Extension */ = {
			isa = PBXGroup;
			children = (
				B5F3D6E72B8893B3003739AA /* Media.xcassets */,
				B5F3D6E92B8893B3003739AA /* ActionViewController.swift */,
				B5F3D6EB2B8893B3003739AA /* MainInterface.storyboard */,
				B5F3D6EE2B8893B3003739AA /* Info.plist */,
				B5F3D6F62B88BCE8003739AA /* Action.js */,
				B5F72B792B8E0A5D004EF719 /* Script.swift */,
				B5E438062B9F11A0005798C0 /* TableViewController.swift */,
			);
			path = Extension;
			sourceTree = "<group>";
		};
/* End PBXGroup section */

/* Begin PBXNativeTarget section */
		B5F3D6C62B888CFE003739AA /* SafariExtension */ = {
			isa = PBXNativeTarget;
			buildConfigurationList = B5F3D6DB2B888D00003739AA /* Build configuration list for PBXNativeTarget "SafariExtension" */;
			buildPhases = (
				B5F3D6C32B888CFE003739AA /* Sources */,
				B5F3D6C42B888CFE003739AA /* Frameworks */,
				B5F3D6C52B888CFE003739AA /* Resources */,
				B5F3D6F52B8893B3003739AA /* Embed App Extensions */,
			);
			buildRules = (
			);
			dependencies = (
				B5F3D6F02B8893B3003739AA /* PBXTargetDependency */,
			);
			name = SafariExtension;
			productName = SafariExtension;
			productReference = B5F3D6C72B888CFE003739AA /* SafariExtension.app */;
			productType = "com.apple.product-type.application";
		};
		B5F3D6E12B8893B2003739AA /* Extension */ = {
			isa = PBXNativeTarget;
			buildConfigurationList = B5F3D6F22B8893B3003739AA /* Build configuration list for PBXNativeTarget "Extension" */;
			buildPhases = (
				B5F3D6DE2B8893B2003739AA /* Sources */,
				B5F3D6DF2B8893B2003739AA /* Frameworks */,
				B5F3D6E02B8893B2003739AA /* Resources */,
			);
			buildRules = (
			);
			dependencies = (
			);
			name = Extension;
			productName = Extension;
			productReference = B5F3D6E22B8893B2003739AA /* Extension.appex */;
			productType = "com.apple.product-type.app-extension";
		};
/* End PBXNativeTarget section */

/* Begin PBXProject section */
		B5F3D6BF2B888CFE003739AA /* Project object */ = {
			isa = PBXProject;
			attributes = {
				BuildIndependentTargetsInParallel = 1;
				LastSwiftUpdateCheck = 1310;
				LastUpgradeCheck = 1310;
				TargetAttributes = {
					B5F3D6C62B888CFE003739AA = {
						CreatedOnToolsVersion = 13.1;
					};
					B5F3D6E12B8893B2003739AA = {
						CreatedOnToolsVersion = 13.1;
					};
				};
			};
			buildConfigurationList = B5F3D6C22B888CFE003739AA /* Build configuration list for PBXProject "SafariExtension" */;
			compatibilityVersion = "Xcode 13.0";
			developmentRegion = en;
			hasScannedForEncodings = 0;
			knownRegions = (
				en,
				Base,
			);
			mainGroup = B5F3D6BE2B888CFE003739AA;
			productRefGroup = B5F3D6C82B888CFE003739AA /* Products */;
			projectDirPath = "";
			projectRoot = "";
			targets = (
				B5F3D6C62B888CFE003739AA /* SafariExtension */,
				B5F3D6E12B8893B2003739AA /* Extension */,
			);
		};
/* End PBXProject section */

/* Begin PBXResourcesBuildPhase section */
		B5F3D6C52B888CFE003739AA /* Resources */ = {
			isa = PBXResourcesBuildPhase;
			buildActionMask = 2147483647;
			files = (
				B5F3D6D72B888D00003739AA /* LaunchScreen.storyboard in Resources */,
				B5F3D6D42B888D00003739AA /* Assets.xcassets in Resources */,
				B5F3D6D22B888CFE003739AA /* Main.storyboard in Resources */,
			);
			runOnlyForDeploymentPostprocessing = 0;
		};
		B5F3D6E02B8893B2003739AA /* Resources */ = {
			isa = PBXResourcesBuildPhase;
			buildActionMask = 2147483647;
			files = (
				B5F3D6F72B88BCE8003739AA /* Action.js in Resources */,
				B5F3D6E82B8893B3003739AA /* Media.xcassets in Resources */,
				B5F3D6ED2B8893B3003739AA /* MainInterface.storyboard in Resources */,
			);
			runOnlyForDeploymentPostprocessing = 0;
		};
/* End PBXResourcesBuildPhase section */

/* Begin PBXSourcesBuildPhase section */
		B5F3D6C32B888CFE003739AA /* Sources */ = {
			isa = PBXSourcesBuildPhase;
			buildActionMask = 2147483647;
			files = (
				B5F3D6CF2B888CFE003739AA /* ViewController.swift in Sources */,
				B5F3D6CB2B888CFE003739AA /* AppDelegate.swift in Sources */,
				B5F3D6CD2B888CFE003739AA /* SceneDelegate.swift in Sources */,
			);
			runOnlyForDeploymentPostprocessing = 0;
		};
		B5F3D6DE2B8893B2003739AA /* Sources */ = {
			isa = PBXSourcesBuildPhase;
			buildActionMask = 2147483647;
			files = (
				B5F72B7A2B8E0A5E004EF719 /* Script.swift in Sources */,
				B5E438072B9F11A0005798C0 /* TableViewController.swift in Sources */,
				B5F3D6EA2B8893B3003739AA /* ActionViewController.swift in Sources */,
			);
			runOnlyForDeploymentPostprocessing = 0;
		};
/* End PBXSourcesBuildPhase section */

/* Begin PBXTargetDependency section */
		B5F3D6F02B8893B3003739AA /* PBXTargetDependency */ = {
			isa = PBXTargetDependency;
			target = B5F3D6E12B8893B2003739AA /* Extension */;
			targetProxy = B5F3D6EF2B8893B3003739AA /* PBXContainerItemProxy */;
		};
/* End PBXTargetDependency section */

/* Begin PBXVariantGroup section */
		B5F3D6D02B888CFE003739AA /* Main.storyboard */ = {
			isa = PBXVariantGroup;
			children = (
				B5F3D6D12B888CFE003739AA /* Base */,
			);
			name = Main.storyboard;
			sourceTree = "<group>";
		};
		B5F3D6D52B888D00003739AA /* LaunchScreen.storyboard */ = {
			isa = PBXVariantGroup;
			children = (
				B5F3D6D62B888D00003739AA /* Base */,
			);
			name = LaunchScreen.storyboard;
			sourceTree = "<group>";
		};
		B5F3D6EB2B8893B3003739AA /* MainInterface.storyboard */ = {
			isa = PBXVariantGroup;
			children = (
				B5F3D6EC2B8893B3003739AA /* Base */,
			);
			name = MainInterface.storyboard;
			sourceTree = "<group>";
		};
/* End PBXVariantGroup section */

/* Begin XCBuildConfiguration section */
		B5F3D6D92B888D00003739AA /* Debug */ = {
			isa = XCBuildConfiguration;
			buildSettings = {
				ALWAYS_SEARCH_USER_PATHS = NO;
				CLANG_ANALYZER_NONNULL = YES;
				CLANG_ANALYZER_NUMBER_OBJECT_CONVERSION = YES_AGGRESSIVE;
				CLANG_CXX_LANGUAGE_STANDARD = "gnu++17";
				CLANG_CXX_LIBRARY = "libc++";
				CLANG_ENABLE_MODULES = YES;
				CLANG_ENABLE_OBJC_ARC = YES;
				CLANG_ENABLE_OBJC_WEAK = YES;
				CLANG_WARN_BLOCK_CAPTURE_AUTORELEASING = YES;
				CLANG_WARN_BOOL_CONVERSION = YES;
				CLANG_WARN_COMMA = YES;
				CLANG_WARN_CONSTANT_CONVERSION = YES;
				CLANG_WARN_DEPRECATED_OBJC_IMPLEMENTATIONS = YES;
				CLANG_WARN_DIRECT_OBJC_ISA_USAGE = YES_ERROR;
				CLANG_WARN_DOCUMENTATION_COMMENTS = YES;
				CLANG_WARN_EMPTY_BODY = YES;
				CLANG_WARN_ENUM_CONVERSION = YES;
				CLANG_WARN_INFINITE_RECURSION = YES;
				CLANG_WARN_INT_CONVERSION = YES;
				CLANG_WARN_NON_LITERAL_NULL_CONVERSION = YES;
				CLANG_WARN_OBJC_IMPLICIT_RETAIN_SELF = YES;
				CLANG_WARN_OBJC_LITERAL_CONVERSION = YES;
				CLANG_WARN_OBJC_ROOT_CLASS = YES_ERROR;
				CLANG_WARN_QUOTED_INCLUDE_IN_FRAMEWORK_HEADER = YES;
				CLANG_WARN_RANGE_LOOP_ANALYSIS = YES;
				CLANG_WARN_STRICT_PROTOTYPES = YES;
				CLANG_WARN_SUSPICIOUS_MOVE = YES;
				CLANG_WARN_UNGUARDED_AVAILABILITY = YES_AGGRESSIVE;
				CLANG_WARN_UNREACHABLE_CODE = YES;
				CLANG_WARN__DUPLICATE_METHOD_MATCH = YES;
				COPY_PHASE_STRIP = NO;
				DEBUG_INFORMATION_FORMAT = dwarf;
				ENABLE_STRICT_OBJC_MSGSEND = YES;
				ENABLE_TESTABILITY = YES;
				GCC_C_LANGUAGE_STANDARD = gnu11;
				GCC_DYNAMIC_NO_PIC = NO;
				GCC_NO_COMMON_BLOCKS = YES;
				GCC_OPTIMIZATION_LEVEL = 0;
				GCC_PREPROCESSOR_DEFINITIONS = (
					"DEBUG=1",
					"$(inherited)",
				);
				GCC_WARN_64_TO_32_BIT_CONVERSION = YES;
				GCC_WARN_ABOUT_RETURN_TYPE = YES_ERROR;
				GCC_WARN_UNDECLARED_SELECTOR = YES;
				GCC_WARN_UNINITIALIZED_AUTOS = YES_AGGRESSIVE;
				GCC_WARN_UNUSED_FUNCTION = YES;
				GCC_WARN_UNUSED_VARIABLE = YES;
				IPHONEOS_DEPLOYMENT_TARGET = 15.0;
				MTL_ENABLE_DEBUG_INFO = INCLUDE_SOURCE;
				MTL_FAST_MATH = YES;
				ONLY_ACTIVE_ARCH = YES;
				SDKROOT = iphoneos;
				SWIFT_ACTIVE_COMPILATION_CONDITIONS = DEBUG;
				SWIFT_OPTIMIZATION_LEVEL = "-Onone";
			};
			name = Debug;
		};
		B5F3D6DA2B888D00003739AA /* Release */ = {
			isa = XCBuildConfiguration;
			buildSettings = {
				ALWAYS_SEARCH_USER_PATHS = NO;
				CLANG_ANALYZER_NONNULL = YES;
				CLANG_ANALYZER_NUMBER_OBJECT_CONVERSION = YES_AGGRESSIVE;
				CLANG_CXX_LANGUAGE_STANDARD = "gnu++17";
				CLANG_CXX_LIBRARY = "libc++";
				CLANG_ENABLE_MODULES = YES;
				CLANG_ENABLE_OBJC_ARC = YES;
				CLANG_ENABLE_OBJC_WEAK = YES;
				CLANG_WARN_BLOCK_CAPTURE_AUTORELEASING = YES;
				CLANG_WARN_BOOL_CONVERSION = YES;
				CLANG_WARN_COMMA = YES;
				CLANG_WARN_CONSTANT_CONVERSION = YES;
				CLANG_WARN_DEPRECATED_OBJC_IMPLEMENTATIONS = YES;
				CLANG_WARN_DIRECT_OBJC_ISA_USAGE = YES_ERROR;
				CLANG_WARN_DOCUMENTATION_COMMENTS = YES;
				CLANG_WARN_EMPTY_BODY = YES;
				CLANG_WARN_ENUM_CONVERSION = YES;
				CLANG_WARN_INFINITE_RECURSION = YES;
				CLANG_WARN_INT_CONVERSION = YES;
				CLANG_WARN_NON_LITERAL_NULL_CONVERSION = YES;
				CLANG_WARN_OBJC_IMPLICIT_RETAIN_SELF = YES;
				CLANG_WARN_OBJC_LITERAL_CONVERSION = YES;
				CLANG_WARN_OBJC_ROOT_CLASS = YES_ERROR;
				CLANG_WARN_QUOTED_INCLUDE_IN_FRAMEWORK_HEADER = YES;
				CLANG_WARN_RANGE_LOOP_ANALYSIS = YES;
				CLANG_WARN_STRICT_PROTOTYPES = YES;
				CLANG_WARN_SUSPICIOUS_MOVE = YES;
				CLANG_WARN_UNGUARDED_AVAILABILITY = YES_AGGRESSIVE;
				CLANG_WARN_UNREACHABLE_CODE = YES;
				CLANG_WARN__DUPLICATE_METHOD_MATCH = YES;
				COPY_PHASE_STRIP = NO;
				DEBUG_INFORMATION_FORMAT = "dwarf-with-dsym";
				ENABLE_NS_ASSERTIONS = NO;
				ENABLE_STRICT_OBJC_MSGSEND = YES;
				GCC_C_LANGUAGE_STANDARD = gnu11;
				GCC_NO_COMMON_BLOCKS = YES;
				GCC_WARN_64_TO_32_BIT_CONVERSION = YES;
				GCC_WARN_ABOUT_RETURN_TYPE = YES_ERROR;
				GCC_WARN_UNDECLARED_SELECTOR = YES;
				GCC_WARN_UNINITIALIZED_AUTOS = YES_AGGRESSIVE;
				GCC_WARN_UNUSED_FUNCTION = YES;
				GCC_WARN_UNUSED_VARIABLE = YES;
				IPHONEOS_DEPLOYMENT_TARGET = 15.0;
				MTL_ENABLE_DEBUG_INFO = NO;
				MTL_FAST_MATH = YES;
				SDKROOT = iphoneos;
				SWIFT_COMPILATION_MODE = wholemodule;
				SWIFT_OPTIMIZATION_LEVEL = "-O";
				VALIDATE_PRODUCT = YES;
			};
			name = Release;
		};
		B5F3D6DC2B888D00003739AA /* Debug */ = {
			isa = XCBuildConfiguration;
			buildSettings = {
				ALWAYS_EMBED_SWIFT_STANDARD_LIBRARIES = YES;
				ASSETCATALOG_COMPILER_APPICON_NAME = AppIcon;
				ASSETCATALOG_COMPILER_GLOBAL_ACCENT_COLOR_NAME = AccentColor;
				CODE_SIGN_STYLE = Automatic;
				CURRENT_PROJECT_VERSION = 1;
				DEVELOPMENT_TEAM = H8VZL7RW6Z;
				GENERATE_INFOPLIST_FILE = YES;
				INFOPLIST_FILE = SafariExtension/Info.plist;
				INFOPLIST_KEY_UIApplicationSupportsIndirectInputEvents = YES;
				INFOPLIST_KEY_UILaunchStoryboardName = LaunchScreen;
				INFOPLIST_KEY_UIMainStoryboardFile = Main;
				INFOPLIST_KEY_UISupportedInterfaceOrientations_iPad = "UIInterfaceOrientationPortrait UIInterfaceOrientationPortraitUpsideDown UIInterfaceOrientationLandscapeLeft UIInterfaceOrientationLandscapeRight";
				INFOPLIST_KEY_UISupportedInterfaceOrientations_iPhone = "UIInterfaceOrientationPortrait UIInterfaceOrientationLandscapeLeft UIInterfaceOrientationLandscapeRight";
				LD_RUNPATH_SEARCH_PATHS = (
					"$(inherited)",
					"@executable_path/Frameworks",
				);
				MARKETING_VERSION = 1.0;
				PRODUCT_BUNDLE_IDENTIFIER = com.leonardsangoroh.SafariExtension;
				PRODUCT_NAME = "$(TARGET_NAME)";
				SWIFT_EMIT_LOC_STRINGS = YES;
				SWIFT_VERSION = 5.0;
				TARGETED_DEVICE_FAMILY = "1,2";
			};
			name = Debug;
		};
		B5F3D6DD2B888D00003739AA /* Release */ = {
			isa = XCBuildConfiguration;
			buildSettings = {
				ALWAYS_EMBED_SWIFT_STANDARD_LIBRARIES = YES;
				ASSETCATALOG_COMPILER_APPICON_NAME = AppIcon;
				ASSETCATALOG_COMPILER_GLOBAL_ACCENT_COLOR_NAME = AccentColor;
				CODE_SIGN_STYLE = Automatic;
				CURRENT_PROJECT_VERSION = 1;
				DEVELOPMENT_TEAM = H8VZL7RW6Z;
				GENERATE_INFOPLIST_FILE = YES;
				INFOPLIST_FILE = SafariExtension/Info.plist;
				INFOPLIST_KEY_UIApplicationSupportsIndirectInputEvents = YES;
				INFOPLIST_KEY_UILaunchStoryboardName = LaunchScreen;
				INFOPLIST_KEY_UIMainStoryboardFile = Main;
				INFOPLIST_KEY_UISupportedInterfaceOrientations_iPad = "UIInterfaceOrientationPortrait UIInterfaceOrientationPortraitUpsideDown UIInterfaceOrientationLandscapeLeft UIInterfaceOrientationLandscapeRight";
				INFOPLIST_KEY_UISupportedInterfaceOrientations_iPhone = "UIInterfaceOrientationPortrait UIInterfaceOrientationLandscapeLeft UIInterfaceOrientationLandscapeRight";
				LD_RUNPATH_SEARCH_PATHS = (
					"$(inherited)",
					"@executable_path/Frameworks",
				);
				MARKETING_VERSION = 1.0;
				PRODUCT_BUNDLE_IDENTIFIER = com.leonardsangoroh.SafariExtension;
				PRODUCT_NAME = "$(TARGET_NAME)";
				SWIFT_EMIT_LOC_STRINGS = YES;
				SWIFT_VERSION = 5.0;
				TARGETED_DEVICE_FAMILY = "1,2";
			};
			name = Release;
		};
		B5F3D6F32B8893B3003739AA /* Debug */ = {
			isa = XCBuildConfiguration;
			buildSettings = {
				CODE_SIGN_STYLE = Automatic;
				CURRENT_PROJECT_VERSION = 1;
				DEVELOPMENT_TEAM = H8VZL7RW6Z;
				GENERATE_INFOPLIST_FILE = YES;
				INFOPLIST_FILE = Extension/Info.plist;
				INFOPLIST_KEY_CFBundleDisplayName = Extension;
				INFOPLIST_KEY_NSHumanReadableCopyright = "";
				LD_RUNPATH_SEARCH_PATHS = (
					"$(inherited)",
					"@executable_path/Frameworks",
					"@executable_path/../../Frameworks",
				);
				MARKETING_VERSION = 1.0;
				PRODUCT_BUNDLE_IDENTIFIER = com.leonardsangoroh.SafariExtension.Extension;
				PRODUCT_NAME = "$(TARGET_NAME)";
				SKIP_INSTALL = YES;
				SWIFT_EMIT_LOC_STRINGS = YES;
				SWIFT_VERSION = 5.0;
				TARGETED_DEVICE_FAMILY = "1,2";
			};
			name = Debug;
		};
		B5F3D6F42B8893B3003739AA /* Release */ = {
			isa = XCBuildConfiguration;
			buildSettings = {
				CODE_SIGN_STYLE = Automatic;
				CURRENT_PROJECT_VERSION = 1;
				DEVELOPMENT_TEAM = H8VZL7RW6Z;
				GENERATE_INFOPLIST_FILE = YES;
				INFOPLIST_FILE = Extension/Info.plist;
				INFOPLIST_KEY_CFBundleDisplayName = Extension;
				INFOPLIST_KEY_NSHumanReadableCopyright = "";
				LD_RUNPATH_SEARCH_PATHS = (
					"$(inherited)",
					"@executable_path/Frameworks",
					"@executable_path/../../Frameworks",
				);
				MARKETING_VERSION = 1.0;
				PRODUCT_BUNDLE_IDENTIFIER = com.leonardsangoroh.SafariExtension.Extension;
				PRODUCT_NAME = "$(TARGET_NAME)";
				SKIP_INSTALL = YES;
				SWIFT_EMIT_LOC_STRINGS = YES;
				SWIFT_VERSION = 5.0;
				TARGETED_DEVICE_FAMILY = "1,2";
			};
			name = Release;
		};
/* End XCBuildConfiguration section */

/* Begin XCConfigurationList section */
		B5F3D6C22B888CFE003739AA /* Build configuration list for PBXProject "SafariExtension" */ = {
			isa = XCConfigurationList;
			buildConfigurations = (
				B5F3D6D92B888D00003739AA /* Debug */,
				B5F3D6DA2B888D00003739AA /* Release */,
			);
			defaultConfigurationIsVisible = 0;
			defaultConfigurationName = Release;
		};
		B5F3D6DB2B888D00003739AA /* Build configuration list for PBXNativeTarget "SafariExtension" */ = {
			isa = XCConfigurationList;
			buildConfigurations = (
				B5F3D6DC2B888D00003739AA /* Debug */,
				B5F3D6DD2B888D00003739AA /* Release */,
			);
			defaultConfigurationIsVisible = 0;
			defaultConfigurationName = Release;
		};
		B5F3D6F22B8893B3003739AA /* Build configuration list for PBXNativeTarget "Extension" */ = {
			isa = XCConfigurationList;
			buildConfigurations = (
				B5F3D6F32B8893B3003739AA /* Debug */,
				B5F3D6F42B8893B3003739AA /* Release */,
			);
			defaultConfigurationIsVisible = 0;
			defaultConfigurationName = Release;
		};
/* End XCConfigurationList section */
	};
	rootObject = B5F3D6BF2B888CFE003739AA /* Project object */;
}
